# THIS IS AN AUTOGENERATED FILE. DO NOT EDIT THIS FILE DIRECTLY.
# yarn lockfile v1


"@babel/parser@^7.18.4":
  version "7.22.5"
  resolved "http://r.npm.sankuai.com/@babel/parser/download/@babel/parser-7.22.5.tgz#721fd042f3ce1896238cf1b341c77eb7dee7dbea"
  integrity sha1-ch/QQvPOGJYjjPGzQcd+t97n2+o=

"@babel/runtime@^7.13.10", "@babel/runtime@^7.14.5", "@babel/runtime@^7.17.2", "@babel/runtime@^7.20.6":
  version "7.22.5"
  resolved "http://r.npm.sankuai.com/@babel/runtime/download/@babel/runtime-7.22.5.tgz#8564dd588182ce0047d55d7a75e93921107b57ec"
  integrity sha1-hWTdWIGCzgBH1V16dek5IRB7V+w=
  dependencies:
    regenerator-runtime "^0.13.11"

"@babel/standalone@^7.20.0":
  version "7.22.4"
  resolved "http://r.npm.sankuai.com/@babel/standalone/download/@babel/standalone-7.22.4.tgz#1962cdc38ecacd8c6d7ba68f96b386b30a3b4a06"
  integrity sha1-GWLNw47KzYxte6aPlrOGswo7SgY=

"@dp/owl-i18n@^1.1.2":
  version "1.1.2"
  resolved "http://r.npm.sankuai.com/@dp/owl-i18n/download/@dp/owl-i18n-1.1.2.tgz#ba4c73eab687cc6ab01c5d044704c896ee05627d"
  integrity sha1-ukxz6raHzGqwHF0ERwTIlu4FYn0=
  dependencies:
    int64-convert "^0.1.2"
    uuid "^3.3.2"

"@esbuild/android-arm@0.15.18":
  version "0.15.18"
  resolved "http://r.npm.sankuai.com/@esbuild/android-arm/download/@esbuild/android-arm-0.15.18.tgz#266d40b8fdcf87962df8af05b76219bc786b4f80"
  integrity sha1-Jm1AuP3Ph5Yt+K8Ft2IZvHhrT4A=

"@esbuild/linux-loong64@0.15.18":
  version "0.15.18"
  resolved "http://r.npm.sankuai.com/@esbuild/linux-loong64/download/@esbuild/linux-loong64-0.15.18.tgz#128b76ecb9be48b60cf5cfc1c63a4f00691a3239"
  integrity sha1-Eot27Lm+SLYM9c/BxjpPAGkaMjk=

"@formatjs/ecma402-abstract@1.16.0":
  version "1.16.0"
  resolved "http://r.npm.sankuai.com/@formatjs/ecma402-abstract/download/@formatjs/ecma402-abstract-1.16.0.tgz#15a0baa8401880d4010eb93440d996e896ca251c"
  integrity sha1-FaC6qEAYgNQBDrk0QNmW6JbKJRw=
  dependencies:
    "@formatjs/intl-localematcher" "0.3.0"
    tslib "^2.4.0"

"@formatjs/fast-memoize@2.1.0":
  version "2.1.0"
  resolved "http://r.npm.sankuai.com/@formatjs/fast-memoize/download/@formatjs/fast-memoize-2.1.0.tgz#54de279a086deaf379105685f73b22f3841bcc46"
  integrity sha1-VN4nmght6vN5EFaF9zsi84QbzEY=
  dependencies:
    tslib "^2.4.0"

"@formatjs/icu-messageformat-parser@2.5.0":
  version "2.5.0"
  resolved "http://r.npm.sankuai.com/@formatjs/icu-messageformat-parser/download/@formatjs/icu-messageformat-parser-2.5.0.tgz#1ef5f71ba0587409a335e02e5ce413adc7971813"
  integrity sha1-HvX3G6BYdAmjNeAuXOQTrceXGBM=
  dependencies:
    "@formatjs/ecma402-abstract" "1.16.0"
    "@formatjs/icu-skeleton-parser" "1.5.0"
    tslib "^2.4.0"

"@formatjs/icu-skeleton-parser@1.5.0", "@formatjs/icu-skeleton-parser@^1.3.14":
  version "1.5.0"
  resolved "http://r.npm.sankuai.com/@formatjs/icu-skeleton-parser/download/@formatjs/icu-skeleton-parser-1.5.0.tgz#3a9d439936b227a0ebe1cc9d5c1ccdd6cc779b0e"
  integrity sha1-Op1DmTayJ6Dr4cydXBzN1sx3mw4=
  dependencies:
    "@formatjs/ecma402-abstract" "1.16.0"
    tslib "^2.4.0"

"@formatjs/intl-localematcher@0.3.0":
  version "0.3.0"
  resolved "http://r.npm.sankuai.com/@formatjs/intl-localematcher/download/@formatjs/intl-localematcher-0.3.0.tgz#9ad570d90d302b60bcbe78efd5fcd7593c440579"
  integrity sha1-mtVw2Q0wK2C8vnjv1fzXWTxEBXk=
  dependencies:
    tslib "^2.4.0"

"@jridgewell/gen-mapping@^0.3.0":
  version "0.3.3"
  resolved "http://r.npm.sankuai.com/@jridgewell/gen-mapping/download/@jridgewell/gen-mapping-0.3.3.tgz#7e02e6eb5df901aaedb08514203b096614024098"
  integrity sha1-fgLm6135AartsIUUIDsJZhQCQJg=
  dependencies:
    "@jridgewell/set-array" "^1.0.1"
    "@jridgewell/sourcemap-codec" "^1.4.10"
    "@jridgewell/trace-mapping" "^0.3.9"

"@jridgewell/resolve-uri@3.1.0":
  version "3.1.0"
  resolved "http://r.npm.sankuai.com/@jridgewell/resolve-uri/download/@jridgewell/resolve-uri-3.1.0.tgz#2203b118c157721addfe69d47b70465463066d78"
  integrity sha1-IgOxGMFXchrd/mnUe3BGVGMGbXg=

"@jridgewell/set-array@^1.0.1":
  version "1.1.2"
  resolved "http://r.npm.sankuai.com/@jridgewell/set-array/download/@jridgewell/set-array-1.1.2.tgz#7c6cf998d6d20b914c0a55a91ae928ff25965e72"
  integrity sha1-fGz5mNbSC5FMClWpGuko/yWWXnI=

"@jridgewell/source-map@^0.3.3":
  version "0.3.3"
  resolved "http://r.npm.sankuai.com/@jridgewell/source-map/download/@jridgewell/source-map-0.3.3.tgz#8108265659d4c33e72ffe14e33d6cc5eb59f2fda"
  integrity sha1-gQgmVlnUwz5y/+FOM9bMXrWfL9o=
  dependencies:
    "@jridgewell/gen-mapping" "^0.3.0"
    "@jridgewell/trace-mapping" "^0.3.9"

"@jridgewell/sourcemap-codec@1.4.14":
  version "1.4.14"
  resolved "http://r.npm.sankuai.com/@jridgewell/sourcemap-codec/download/@jridgewell/sourcemap-codec-1.4.14.tgz#add4c98d341472a289190b424efbdb096991bb24"
  integrity sha1-rdTJjTQUcqKJGQtCTvvbCWmRuyQ=

"@jridgewell/sourcemap-codec@^1.4.10":
  version "1.4.15"
  resolved "http://r.npm.sankuai.com/@jridgewell/sourcemap-codec/download/@jridgewell/sourcemap-codec-1.4.15.tgz#d7c6e6755c78567a951e04ab52ef0fd26de59f32"
  integrity sha1-18bmdVx4VnqVHgSrUu8P0m3lnzI=

"@jridgewell/trace-mapping@^0.3.9":
  version "0.3.18"
  resolved "http://r.npm.sankuai.com/@jridgewell/trace-mapping/download/@jridgewell/trace-mapping-0.3.18.tgz#25783b2086daf6ff1dcb53c9249ae480e4dd4cd6"
  integrity sha1-JXg7IIba9v8dy1PJJJrkgOTdTNY=
  dependencies:
    "@jridgewell/resolve-uri" "3.1.0"
    "@jridgewell/sourcemap-codec" "1.4.14"

"@sailor/i18n-extends@0.1.9":
  version "0.1.9"
  resolved "http://r.npm.sankuai.com/@sailor/i18n-extends/download/@sailor/i18n-extends-0.1.9.tgz#b7a0fbcf540c5322ea3a33559615a07899171786"
  integrity sha1-t6D7z1QMUyLqOjNVlhWgeJkXF4Y=
  dependencies:
    "@formatjs/icu-skeleton-parser" "^1.3.14"
    "@sailor/i18n-language-detector" "0.1.9"

"@sailor/i18n-language-detector@0.1.9":
  version "0.1.9"
  resolved "http://r.npm.sankuai.com/@sailor/i18n-language-detector/download/@sailor/i18n-language-detector-0.1.9.tgz#8ea23c6fdd9cc323ac2c5f21570c0e6f26a9cc48"
  integrity sha1-jqI8b92cwyOsLF8hVwwObyapzEg=
  dependencies:
    "@sailor/i18n-mach-pro-native" "0.1.9"
    i18next "^21.8.16"

"@sailor/i18n-mach-pro-native@0.1.9":
  version "0.1.9"
  resolved "http://r.npm.sankuai.com/@sailor/i18n-mach-pro-native/download/@sailor/i18n-mach-pro-native-0.1.9.tgz#3b70da746ce4e760fff3b5d0e11852d4c66a0f8a"
  integrity sha1-O3DadGzk52D/87XQ4RhS1MZqD4o=

"@sailor/i18n-vue@0.1.9":
  version "0.1.9"
  resolved "http://r.npm.sankuai.com/@sailor/i18n-vue/download/@sailor/i18n-vue-0.1.9.tgz#0dda55d08646d6972dcca248f5b40e1bfb61223a"
  integrity sha1-DdpV0IZG1pctzKJI9bQOG/thIjo=
  dependencies:
    "@formatjs/icu-skeleton-parser" "^1.3.14"
    "@sailor/i18n-extends" "0.1.9"
    "@sailor/i18n-language-detector" "0.1.9"
    i18next "^21.8.16"
    i18next-icu "^2.0.3"
    intl-messageformat "^10.2.5"

"@sailor/i18n-web-openapi-backend@0.1.9":
  version "0.1.9"
  resolved "http://r.npm.sankuai.com/@sailor/i18n-web-openapi-backend/download/@sailor/i18n-web-openapi-backend-0.1.9.tgz#07b7162c4be81f537756ab51d2de67bbb9d787a5"
  integrity sha1-B7cWLEvoH1N3VqtR0t5nu7nXh6U=
  dependencies:
    i18next "^21.8.16"

"@sailor/i18n-web@0.1.9":
  version "0.1.9"
  resolved "http://r.npm.sankuai.com/@sailor/i18n-web/download/@sailor/i18n-web-0.1.9.tgz#8e32f05b374073c92b074262ae9b2fa0379b90b2"
  integrity sha1-jjLwWzdAc8krB0JirpsvoDebkLI=
  dependencies:
    "@formatjs/icu-skeleton-parser" "^1.3.14"
    "@sailor/i18n-extends" "0.1.9"
    "@sailor/i18n-language-detector" "0.1.9"
    i18next "^21.8.16"
    i18next-icu "^2.0.3"
    intl-messageformat "^10.2.5"
    react-i18next "^11.17.2"

"@vitejs/plugin-legacy@^2.0.0":
  version "2.3.1"
  resolved "http://r.npm.sankuai.com/@vitejs/plugin-legacy/download/@vitejs/plugin-legacy-2.3.1.tgz#44d8e608e66ef03ff82ae176588c7a621d56c524"
  integrity sha1-RNjmCOZu8D/4KuF2WIx6Yh1WxSQ=
  dependencies:
    "@babel/standalone" "^7.20.0"
    core-js "^3.26.0"
    magic-string "^0.26.7"
    regenerator-runtime "^0.13.10"
    systemjs "^6.13.0"

"@vitejs/plugin-vue2@^1.1.2":
  version "1.1.2"
  resolved "http://r.npm.sankuai.com/@vitejs/plugin-vue2/download/@vitejs/plugin-vue2-1.1.2.tgz#891f0acc5a6a2b4886a74cb8d6359d42f19f968a"
  integrity sha1-iR8KzFpqK0iGp0y41jWdQvGfloo=

"@vue/compiler-sfc@2.7.14":
  version "2.7.14"
  resolved "http://r.npm.sankuai.com/@vue/compiler-sfc/download/@vue/compiler-sfc-2.7.14.tgz#3446fd2fbb670d709277fc3ffa88efc5e10284fd"
  integrity sha1-NEb9L7tnDXCSd/w/+ojvxeEChP0=
  dependencies:
    "@babel/parser" "^7.18.4"
    postcss "^8.4.14"
    source-map "^0.6.1"

acorn@^8.8.2:
  version "8.8.2"
  resolved "http://r.npm.sankuai.com/acorn/download/acorn-8.8.2.tgz#1b2f25db02af965399b9776b0c2c391276d37c4a"
  integrity sha1-Gy8l2wKvllOZuXdrDCw5EnbTfEo=

buffer-from@^1.0.0:
  version "1.1.2"
  resolved "http://r.npm.sankuai.com/buffer-from/download/buffer-from-1.1.2.tgz#2b146a6fd72e80b4f55d255f35ed59a3a9a41bd5"
  integrity sha1-KxRqb9cugLT1XSVfNe1Zo6mkG9U=

commander@^2.20.0:
  version "2.20.3"
  resolved "http://r.npm.sankuai.com/commander/download/commander-2.20.3.tgz#fd485e84c03eb4881c20722ba48035e8531aeb33"
  integrity sha1-/UhehMA+tIgcIHIrpIA16FMa6zM=

core-js@^3.26.0:
  version "3.31.0"
  resolved "http://r.npm.sankuai.com/core-js/download/core-js-3.31.0.tgz#4471dd33e366c79d8c0977ed2d940821719db344"
  integrity sha1-RHHdM+Nmx52MCXftLZQIIXGds0Q=

csstype@^3.1.0:
  version "3.1.2"
  resolved "http://r.npm.sankuai.com/csstype/download/csstype-3.1.2.tgz#1d4bf9d572f11c14031f0436e1c10bc1f571f50b"
  integrity sha1-HUv51XLxHBQDHwQ24cELwfVx9Qs=

esbuild-android-64@0.15.18:
  version "0.15.18"
  resolved "http://r.npm.sankuai.com/esbuild-android-64/download/esbuild-android-64-0.15.18.tgz#20a7ae1416c8eaade917fb2453c1259302c637a5"
  integrity sha1-IKeuFBbI6q3pF/skU8ElkwLGN6U=

esbuild-android-arm64@0.15.18:
  version "0.15.18"
  resolved "http://r.npm.sankuai.com/esbuild-android-arm64/download/esbuild-android-arm64-0.15.18.tgz#9cc0ec60581d6ad267568f29cf4895ffdd9f2f04"
  integrity sha1-nMDsYFgdatJnVo8pz0iV/92fLwQ=

esbuild-darwin-64@0.15.18:
  version "0.15.18"
  resolved "http://r.npm.sankuai.com/esbuild-darwin-64/download/esbuild-darwin-64-0.15.18.tgz#428e1730ea819d500808f220fbc5207aea6d4410"
  integrity sha1-Qo4XMOqBnVAICPIg+8UgeuptRBA=

esbuild-darwin-arm64@0.15.18:
  version "0.15.18"
  resolved "http://r.npm.sankuai.com/esbuild-darwin-arm64/download/esbuild-darwin-arm64-0.15.18.tgz#b6dfc7799115a2917f35970bfbc93ae50256b337"
  integrity sha1-tt/HeZEVopF/NZcL+8k65QJWszc=

esbuild-freebsd-64@0.15.18:
  version "0.15.18"
  resolved "http://r.npm.sankuai.com/esbuild-freebsd-64/download/esbuild-freebsd-64-0.15.18.tgz#4e190d9c2d1e67164619ae30a438be87d5eedaf2"
  integrity sha1-ThkNnC0eZxZGGa4wpDi+h9Xu2vI=

esbuild-freebsd-arm64@0.15.18:
  version "0.15.18"
  resolved "http://r.npm.sankuai.com/esbuild-freebsd-arm64/download/esbuild-freebsd-arm64-0.15.18.tgz#18a4c0344ee23bd5a6d06d18c76e2fd6d3f91635"
  integrity sha1-GKTANE7iO9Wm0G0Yx24v1tP5FjU=

esbuild-linux-32@0.15.18:
  version "0.15.18"
  resolved "http://r.npm.sankuai.com/esbuild-linux-32/download/esbuild-linux-32-0.15.18.tgz#9a329731ee079b12262b793fb84eea762e82e0ce"
  integrity sha1-mjKXMe4HmxImK3k/uE7qdi6C4M4=

esbuild-linux-64@0.15.18:
  version "0.15.18"
  resolved "http://r.npm.sankuai.com/esbuild-linux-64/download/esbuild-linux-64-0.15.18.tgz#532738075397b994467b514e524aeb520c191b6c"
  integrity sha1-Uyc4B1OXuZRGe1FOUkrrUgwZG2w=

esbuild-linux-arm64@0.15.18:
  version "0.15.18"
  resolved "http://r.npm.sankuai.com/esbuild-linux-arm64/download/esbuild-linux-arm64-0.15.18.tgz#5372e7993ac2da8f06b2ba313710d722b7a86e5d"
  integrity sha1-U3LnmTrC2o8GsroxNxDXIreobl0=

esbuild-linux-arm@0.15.18:
  version "0.15.18"
  resolved "http://r.npm.sankuai.com/esbuild-linux-arm/download/esbuild-linux-arm-0.15.18.tgz#e734aaf259a2e3d109d4886c9e81ec0f2fd9a9cc"
  integrity sha1-5zSq8lmi49EJ1IhsnoHsDy/Zqcw=

esbuild-linux-mips64le@0.15.18:
  version "0.15.18"
  resolved "http://r.npm.sankuai.com/esbuild-linux-mips64le/download/esbuild-linux-mips64le-0.15.18.tgz#c0487c14a9371a84eb08fab0e1d7b045a77105eb"
  integrity sha1-wEh8FKk3GoTrCPqw4dewRadxBes=

esbuild-linux-ppc64le@0.15.18:
  version "0.15.18"
  resolved "http://r.npm.sankuai.com/esbuild-linux-ppc64le/download/esbuild-linux-ppc64le-0.15.18.tgz#af048ad94eed0ce32f6d5a873f7abe9115012507"
  integrity sha1-rwSK2U7tDOMvbVqHP3q+kRUBJQc=

esbuild-linux-riscv64@0.15.18:
  version "0.15.18"
  resolved "http://r.npm.sankuai.com/esbuild-linux-riscv64/download/esbuild-linux-riscv64-0.15.18.tgz#423ed4e5927bd77f842bd566972178f424d455e6"
  integrity sha1-Qj7U5ZJ713+EK9VmlyF49CTUVeY=

esbuild-linux-s390x@0.15.18:
  version "0.15.18"
  resolved "http://r.npm.sankuai.com/esbuild-linux-s390x/download/esbuild-linux-s390x-0.15.18.tgz#21d21eaa962a183bfb76312e5a01cc5ae48ce8eb"
  integrity sha1-IdIeqpYqGDv7djEuWgHMWuSM6Os=

esbuild-netbsd-64@0.15.18:
  version "0.15.18"
  resolved "http://r.npm.sankuai.com/esbuild-netbsd-64/download/esbuild-netbsd-64-0.15.18.tgz#ae75682f60d08560b1fe9482bfe0173e5110b998"
  integrity sha1-rnVoL2DQhWCx/pSCv+AXPlEQuZg=

esbuild-openbsd-64@0.15.18:
  version "0.15.18"
  resolved "http://r.npm.sankuai.com/esbuild-openbsd-64/download/esbuild-openbsd-64-0.15.18.tgz#79591a90aa3b03e4863f93beec0d2bab2853d0a8"
  integrity sha1-eVkakKo7A+SGP5O+7A0rqyhT0Kg=

esbuild-sunos-64@0.15.18:
  version "0.15.18"
  resolved "http://r.npm.sankuai.com/esbuild-sunos-64/download/esbuild-sunos-64-0.15.18.tgz#fd528aa5da5374b7e1e93d36ef9b07c3dfed2971"
  integrity sha1-/VKKpdpTdLfh6T0275sHw9/tKXE=

esbuild-windows-32@0.15.18:
  version "0.15.18"
  resolved "http://r.npm.sankuai.com/esbuild-windows-32/download/esbuild-windows-32-0.15.18.tgz#0e92b66ecdf5435a76813c4bc5ccda0696f4efc3"
  integrity sha1-DpK2bs31Q1p2gTxLxczaBpb078M=

esbuild-windows-64@0.15.18:
  version "0.15.18"
  resolved "http://r.npm.sankuai.com/esbuild-windows-64/download/esbuild-windows-64-0.15.18.tgz#0fc761d785414284fc408e7914226d33f82420d0"
  integrity sha1-D8dh14VBQoT8QI55FCJtM/gkINA=

esbuild-windows-arm64@0.15.18:
  version "0.15.18"
  resolved "http://r.npm.sankuai.com/esbuild-windows-arm64/download/esbuild-windows-arm64-0.15.18.tgz#5b5bdc56d341d0922ee94965c89ee120a6a86eb7"
  integrity sha1-W1vcVtNB0JIu6UllyJ7hIKaobrc=

esbuild@^0.15.9:
  version "0.15.18"
  resolved "http://r.npm.sankuai.com/esbuild/download/esbuild-0.15.18.tgz#ea894adaf3fbc036d32320a00d4d6e4978a2f36d"
  integrity sha1-6olK2vP7wDbTIyCgDU1uSXii820=
  optionalDependencies:
    "@esbuild/android-arm" "0.15.18"
    "@esbuild/linux-loong64" "0.15.18"
    esbuild-android-64 "0.15.18"
    esbuild-android-arm64 "0.15.18"
    esbuild-darwin-64 "0.15.18"
    esbuild-darwin-arm64 "0.15.18"
    esbuild-freebsd-64 "0.15.18"
    esbuild-freebsd-arm64 "0.15.18"
    esbuild-linux-32 "0.15.18"
    esbuild-linux-64 "0.15.18"
    esbuild-linux-arm "0.15.18"
    esbuild-linux-arm64 "0.15.18"
    esbuild-linux-mips64le "0.15.18"
    esbuild-linux-ppc64le "0.15.18"
    esbuild-linux-riscv64 "0.15.18"
    esbuild-linux-s390x "0.15.18"
    esbuild-netbsd-64 "0.15.18"
    esbuild-openbsd-64 "0.15.18"
    esbuild-sunos-64 "0.15.18"
    esbuild-windows-32 "0.15.18"
    esbuild-windows-64 "0.15.18"
    esbuild-windows-arm64 "0.15.18"

fsevents@~2.3.2:
  version "2.3.2"
  resolved "http://r.npm.sankuai.com/fsevents/download/fsevents-2.3.2.tgz#8a526f78b8fdf4623b709e0b975c52c24c02fd1a"
  integrity sha1-ilJveLj99GI7cJ4Ll1xSwkwC/Ro=

function-bind@^1.1.1:
  version "1.1.1"
  resolved "http://r.npm.sankuai.com/function-bind/download/function-bind-1.1.1.tgz#a56899d3ea3c9bab874bb9773b7c5ede92f4895d"
  integrity sha1-pWiZ0+o8m6uHS7l3O3xe3pL0iV0=

has@^1.0.3:
  version "1.0.3"
  resolved "http://r.npm.sankuai.com/has/download/has-1.0.3.tgz#722d7cbfc1f6aa8241f16dd814e011e1f41e8796"
  integrity sha1-ci18v8H2qoJB8W3YFOAR4fQeh5Y=
  dependencies:
    function-bind "^1.1.1"

html-parse-stringify@^3.0.1:
  version "3.0.1"
  resolved "http://r.npm.sankuai.com/html-parse-stringify/download/html-parse-stringify-3.0.1.tgz#dfc1017347ce9f77c8141a507f233040c59c55d2"
  integrity sha1-38EBc0fOn3fIFBpQfyMwQMWcVdI=
  dependencies:
    void-elements "3.1.0"

i18next-chained-backend@^2.1.0:
  version "2.1.0"
  resolved "http://r.npm.sankuai.com/i18next-chained-backend/download/i18next-chained-backend-2.1.0.tgz#1f36f8b355f3df851df2882e596711d13824a8e4"
  integrity sha1-Hzb4s1Xz34Ud8oguWWcR0TgkqOQ=
  dependencies:
    "@babel/runtime" "^7.13.10"

i18next-icu@^2.0.3:
  version "2.0.3"
  resolved "http://r.npm.sankuai.com/i18next-icu/download/i18next-icu-2.0.3.tgz#f3a69f7813ce9d4648d66fbaa06fa466d0a8642e"
  integrity sha1-86afeBPOnUZI1m+6oG+kZtCoZC4=

i18next-resources-to-backend@^1.1.0:
  version "1.1.3"
  resolved "http://r.npm.sankuai.com/i18next-resources-to-backend/download/i18next-resources-to-backend-1.1.3.tgz#bb6a47be1f65feaecc7a4e989b2a48864374e6a5"
  integrity sha1-u2pHvh9l/q7Mek6YmypIhkN05qU=
  dependencies:
    "@babel/runtime" "^7.20.6"

i18next@^21.8.16:
  version "21.10.0"
  resolved "http://r.npm.sankuai.com/i18next/download/i18next-21.10.0.tgz#85429af55fdca4858345d0e16b584ec29520197d"
  integrity sha1-hUKa9V/cpIWDRdDha1hOwpUgGX0=
  dependencies:
    "@babel/runtime" "^7.17.2"

int64-convert@^0.1.2:
  version "0.1.2"
  resolved "http://r.npm.sankuai.com/int64-convert/download/int64-convert-0.1.2.tgz#0f00a5a4431268c85291895afb923e4c8d218e26"
  integrity sha1-DwClpEMSaMhSkYla+5I+TI0hjiY=

intl-messageformat@^10.2.5:
  version "10.4.0"
  resolved "http://r.npm.sankuai.com/intl-messageformat/download/intl-messageformat-10.4.0.tgz#eb5169f5835229269845660b09f3293dc636c0b3"
  integrity sha1-61Fp9YNSKSaYRWYLCfMpPcY2wLM=
  dependencies:
    "@formatjs/ecma402-abstract" "1.16.0"
    "@formatjs/fast-memoize" "2.1.0"
    "@formatjs/icu-messageformat-parser" "2.5.0"
    tslib "^2.4.0"

is-core-module@^2.11.0:
  version "2.12.1"
  resolved "http://r.npm.sankuai.com/is-core-module/download/is-core-module-2.12.1.tgz#0c0b6885b6f80011c71541ce15c8d66cf5a4f9fd"
  integrity sha1-DAtohbb4ABHHFUHOFcjWbPWk+f0=
  dependencies:
    has "^1.0.3"

magic-string@^0.26.7:
  version "0.26.7"
  resolved "http://r.npm.sankuai.com/magic-string/download/magic-string-0.26.7.tgz#caf7daf61b34e9982f8228c4527474dac8981d6f"
  integrity sha1-yvfa9hs06ZgvgijEUnR02siYHW8=
  dependencies:
    sourcemap-codec "^1.4.8"

nanoid@^3.3.6:
  version "3.3.6"
  resolved "http://r.npm.sankuai.com/nanoid/download/nanoid-3.3.6.tgz#443380c856d6e9f9824267d960b4236ad583ea4c"
  integrity sha1-RDOAyFbW6fmCQmfZYLQjatWD6kw=

path-parse@^1.0.7:
  version "1.0.7"
  resolved "http://r.npm.sankuai.com/path-parse/download/path-parse-1.0.7.tgz#fbc114b60ca42b30d9daf5858e4bd68bbedb6735"
  integrity sha1-+8EUtgykKzDZ2vWFjkvWi77bZzU=

picocolors@^1.0.0:
  version "1.0.0"
  resolved "http://r.npm.sankuai.com/picocolors/download/picocolors-1.0.0.tgz#cb5bdc74ff3f51892236eaf79d68bc44564ab81c"
  integrity sha1-y1vcdP8/UYkiNur3nWi8RFZKuBw=

postcss@^8.4.14, postcss@^8.4.18:
  version "8.4.24"
  resolved "http://r.npm.sankuai.com/postcss/download/postcss-8.4.24.tgz#f714dba9b2284be3cc07dbd2fc57ee4dc972d2df"
  integrity sha1-9xTbqbIoS+PMB9vS/FfuTcly0t8=
  dependencies:
    nanoid "^3.3.6"
    picocolors "^1.0.0"
    source-map-js "^1.0.2"

react-i18next@^11.17.2:
  version "11.18.6"
  resolved "http://r.npm.sankuai.com/react-i18next/download/react-i18next-11.18.6.tgz#e159c2960c718c1314f1e8fcaa282d1c8b167887"
  integrity sha1-4VnClgxxjBMU8ej8qigtHIsWeIc=
  dependencies:
    "@babel/runtime" "^7.14.5"
    html-parse-stringify "^3.0.1"

regenerator-runtime@^0.13.10, regenerator-runtime@^0.13.11:
  version "0.13.11"
  resolved "http://r.npm.sankuai.com/regenerator-runtime/download/regenerator-runtime-0.13.11.tgz#f6dca3e7ceec20590d07ada785636a90cdca17f9"
  integrity sha1-9tyj587sIFkNB62nhWNqkM3KF/k=

resolve@^1.22.1:
  version "1.22.2"
  resolved "http://r.npm.sankuai.com/resolve/download/resolve-1.22.2.tgz#0ed0943d4e301867955766c9f3e1ae6d01c6845f"
  integrity sha1-DtCUPU4wGGeVV2bJ8+GubQHGhF8=
  dependencies:
    is-core-module "^2.11.0"
    path-parse "^1.0.7"
    supports-preserve-symlinks-flag "^1.0.0"

rollup@^2.79.1:
  version "2.79.1"
  resolved "http://r.npm.sankuai.com/rollup/download/rollup-2.79.1.tgz#bedee8faef7c9f93a2647ac0108748f497f081c7"
  integrity sha1-vt7o+u98n5OiZHrAEIdI9Jfwgcc=
  optionalDependencies:
    fsevents "~2.3.2"

source-map-js@^1.0.2:
  version "1.0.2"
  resolved "http://r.npm.sankuai.com/source-map-js/download/source-map-js-1.0.2.tgz#adbc361d9c62df380125e7f161f71c826f1e490c"
  integrity sha1-rbw2HZxi3zgBJefxYfccgm8eSQw=

source-map-support@~0.5.20:
  version "0.5.21"
  resolved "http://r.npm.sankuai.com/source-map-support/download/source-map-support-0.5.21.tgz#04fe7c7f9e1ed2d662233c28cb2b35b9f63f6e4f"
  integrity sha1-BP58f54e0tZiIzwoyys1ufY/bk8=
  dependencies:
    buffer-from "^1.0.0"
    source-map "^0.6.0"

source-map@^0.6.0, source-map@^0.6.1:
  version "0.6.1"
  resolved "http://r.npm.sankuai.com/source-map/download/source-map-0.6.1.tgz#74722af32e9614e9c287a8d0bbde48b5e2f1a263"
  integrity sha1-dHIq8y6WFOnCh6jQu95IteLxomM=

sourcemap-codec@^1.4.8:
  version "1.4.8"
  resolved "http://r.npm.sankuai.com/sourcemap-codec/download/sourcemap-codec-1.4.8.tgz#ea804bd94857402e6992d05a38ef1ae35a9ab4c4"
  integrity sha1-6oBL2UhXQC5pktBaOO8a41qatMQ=

supports-preserve-symlinks-flag@^1.0.0:
  version "1.0.0"
  resolved "http://r.npm.sankuai.com/supports-preserve-symlinks-flag/download/supports-preserve-symlinks-flag-1.0.0.tgz#6eda4bd344a3c94aea376d4cc31bc77311039e09"
  integrity sha1-btpL00SjyUrqN21MwxvHcxEDngk=

systemjs@^6.13.0:
  version "6.14.1"
  resolved "http://r.npm.sankuai.com/systemjs/download/systemjs-6.14.1.tgz#95a580b91b50d0d69ff178ed4816f0ddbcea23c1"
  integrity sha1-laWAuRtQ0Naf8XjtSBbw3bzqI8E=

terser@^5.14.2:
  version "5.17.7"
  resolved "http://r.npm.sankuai.com/terser/download/terser-5.17.7.tgz#2a8b134826fe179b711969fd9d9a0c2479b2a8c3"
  integrity sha1-KosTSCb+F5txGWn9nZoMJHmyqMM=
  dependencies:
    "@jridgewell/source-map" "^0.3.3"
    acorn "^8.8.2"
    commander "^2.20.0"
    source-map-support "~0.5.20"

tslib@^2.4.0:
  version "2.5.3"
  resolved "http://r.npm.sankuai.com/tslib/download/tslib-2.5.3.tgz#24944ba2d990940e6e982c4bea147aba80209913"
  integrity sha1-JJRLotmQlA5umCxL6hR6uoAgmRM=

uuid@^3.3.2:
  version "3.4.0"
  resolved "http://r.npm.sankuai.com/uuid/download/uuid-3.4.0.tgz#b23e4358afa8a202fe7a100af1f5f883f02007ee"
  integrity sha1-sj5DWK+oogL+ehAK8fX4g/AgB+4=

vite@^3.0.2:
  version "3.2.7"
  resolved "http://r.npm.sankuai.com/vite/download/vite-3.2.7.tgz#35a62826bd4d6b778ae5db8766d023bcd4e7bef3"
  integrity sha1-NaYoJr1Na3eK5duHZtAjvNTnvvM=
  dependencies:
    esbuild "^0.15.9"
    postcss "^8.4.18"
    resolve "^1.22.1"
    rollup "^2.79.1"
  optionalDependencies:
    fsevents "~2.3.2"

void-elements@3.1.0:
  version "3.1.0"
  resolved "http://r.npm.sankuai.com/void-elements/download/void-elements-3.1.0.tgz#614f7fbf8d801f0bb5f0661f5b2f5785750e4f09"
  integrity sha1-YU9/v42AHwu18GYfWy9XhXUOTwk=

vue@^2.7.7:
  version "2.7.14"
  resolved "http://r.npm.sankuai.com/vue/download/vue-2.7.14.tgz#3743dcd248fd3a34d421ae456b864a0246bafb17"
  integrity sha1-N0Pc0kj9OjTUIa5Fa4ZKAka6+xc=
  dependencies:
    "@vue/compiler-sfc" "2.7.14"
    csstype "^3.1.0"
